// !$*UTF8*$!
{
	archiveVersion = 1;
	classes = {
	};
	objectVersion = 46;
	objects = {

/* Begin PBXBuildFile section */
		FC00268F1EA321750097E916 /* main.m in Sources */ = {isa = PBXBuildFile; fileRef = FC00268E1EA321750097E916 /* main.m */; };
		FC0026921EA321750097E916 /* AppDelegate.m in Sources */ = {isa = PBXBuildFile; fileRef = FC0026911EA321750097E916 /* AppDelegate.m */; };
		FC0026951EA321750097E916 /* ViewController.m in Sources */ = {isa = PBXBuildFile; fileRef = FC0026941EA321750097E916 /* ViewController.m */; };
		FC0026981EA321750097E916 /* Main.storyboard in Resources */ = {isa = PBXBuildFile; fileRef = FC0026961EA321750097E916 /* Main.storyboard */; };
		FC00269B1EA321750097E916 /* ThatYear.xcdatamodeld in Sources */ = {isa = PBXBuildFile; fileRef = FC0026991EA321750097E916 /* ThatYear.xcdatamodeld */; };
		FC00269D1EA321750097E916 /* Assets.xcassets in Resources */ = {isa = PBXBuildFile; fileRef = FC00269C1EA321750097E916 /* Assets.xcassets */; };
		FC0026A01EA321750097E916 /* LaunchScreen.storyboard in Resources */ = {isa = PBXBuildFile; fileRef = FC00269E1EA321750097E916 /* LaunchScreen.storyboard */; };
/* End PBXBuildFile section */

/* Begin PBXFileReference section */
		FC00268A1EA321750097E916 /* ThatYear.app */ = {isa = PBXFileReference; explicitFileType = wrapper.application; includeInIndex = 0; path = ThatYear.app; sourceTree = BUILT_PRODUCTS_DIR; };
		FC00268E1EA321750097E916 /* main.m */ = {isa = PBXFileReference; lastKnownFileType = sourcecode.c.objc; path = main.m; sourceTree = "<group>"; };
		FC0026901EA321750097E916 /* AppDelegate.h */ = {isa = PBXFileReference; lastKnownFileType = sourcecode.c.h; path = AppDelegate.h; sourceTree = "<group>"; };
		FC0026911EA321750097E916 /* AppDelegate.m */ = {isa = PBXFileReference; lastKnownFileType = sourcecode.c.objc; path = AppDelegate.m; sourceTree = "<group>"; };
		FC0026931EA321750097E916 /* ViewController.h */ = {isa = PBXFileReference; lastKnownFileType = sourcecode.c.h; path = ViewController.h; sourceTree = "<group>"; };
		FC0026941EA321750097E916 /* ViewController.m */ = {isa = PBXFileReference; lastKnownFileType = sourcecode.c.objc; path = ViewController.m; sourceTree = "<group>"; };
		FC0026971EA321750097E916 /* Base */ = {isa = PBXFileReference; lastKnownFileType = file.storyboard; name = Base; path = Base.lproj/Main.storyboard; sourceTree = "<group>"; };
		FC00269A1EA321750097E916 /* ThatYear.xcdatamodel */ = {isa = PBXFileReference; lastKnownFileType = wrapper.xcdatamodel; path = ThatYear.xcdatamodel; sourceTree = "<group>"; };
		FC00269C1EA321750097E916 /* Assets.xcassets */ = {isa = PBXFileReference; lastKnownFileType = folder.assetcatalog; path = Assets.xcassets; sourceTree = "<group>"; };
		FC00269F1EA321750097E916 /* Base */ = {isa = PBXFileReference; lastKnownFileType = file.storyboard; name = Base; path = Base.lproj/LaunchScreen.storyboard; sourceTree = "<group>"; };
		FC0026A11EA321750097E916 /* Info.plist */ = {isa = PBXFileReference; lastKnownFileType = text.plist.xml; path = Info.plist; sourceTree = "<group>"; };
/* End PBXFileReference section */

/* Begin PBXFrameworksBuildPhase section */
		FC0026871EA321750097E916 /* Frameworks */ = {
			isa = PBXFrameworksBuildPhase;
			buildActionMask = 2147483647;
			files = (
			);
			runOnlyForDeploymentPostprocessing = 0;
		};
/* End PBXFrameworksBuildPhase section */

/* Begin PBXGroup section */
		FC0026811EA321750097E916 = {
			isa = PBXGroup;
			children = (
				FC00268C1EA321750097E916 /* ThatYear */,
				FC00268B1EA321750097E916 /* Products */,
			);
			sourceTree = "<group>";
		};
		FC00268B1EA321750097E916 /* Products */ = {
			isa = PBXGroup;
			children = (
				FC00268A1EA321750097E916 /* ThatYear.app */,
			);
			name = Products;
			sourceTree = "<group>";
		};
		FC00268C1EA321750097E916 /* ThatYear */ = {
			isa = PBXGroup;
			children = (
				FC0026901EA321750097E916 /* AppDelegate.h */,
				FC0026911EA321750097E916 /* AppDelegate.m */,
				FC0026931EA321750097E916 /* ViewController.h */,
				FC0026941EA321750097E916 /* ViewController.m */,
				FC0026961EA321750097E916 /* Main.storyboard */,
				FC00269C1EA321750097E916 /* Assets.xcassets */,
				FC00269E1EA321750097E916 /* LaunchScreen.storyboard */,
				FC0026A11EA321750097E916 /* Info.plist */,
				FC0026991EA321750097E916 /* ThatYear.xcdatamodeld */,
				FC00268D1EA321750097E916 /* Supporting Files */,
			);
			path = ThatYear;
			sourceTree = "<group>";
		};
		FC00268D1EA321750097E916 /* Supporting Files */ = {
			isa = PBXGroup;
			children = (
				FC00268E1EA321750097E916 /* main.m */,
			);
			name = "Supporting Files";
			sourceTree = "<group>";
		};
/* End PBXGroup section */

/* Begin PBXNativeTarget section */
		FC0026891EA321750097E916 /* ThatYear */ = {
			isa = PBXNativeTarget;
			buildConfigurationList = FC0026A41EA321750097E916 /* Build configuration list for PBXNativeTarget "ThatYear" */;
			buildPhases = (
				FC0026861EA321750097E916 /* Sources */,
				FC0026871EA321750097E916 /* Frameworks */,
				FC0026881EA321750097E916 /* Resources */,
			);
			buildRules = (
			);
			dependencies = (
			);
			name = ThatYear;
			productName = ThatYear;
			productReference = FC00268A1EA321750097E916 /* ThatYear.app */;
			productType = "com.apple.product-type.application";
		};
/* End PBXNativeTarget section */

/* Begin PBXProject section */
		FC0026821EA321750097E916 /* Project object */ = {
			isa = PBXProject;
			attributes = {
				LastUpgradeCheck = 0830;
				ORGANIZATIONNAME = "jiaxu zhang";
				TargetAttributes = {
					FC0026891EA321750097E916 = {
						CreatedOnToolsVersion = 8.3;
						DevelopmentTeam = DRWMXDN468;
						ProvisioningStyle = Automatic;
					};
				};
			};
			buildConfigurationList = FC0026851EA321750097E916 /* Build configuration list for PBXProject "ThatYear" */;
			compatibilityVersion = "Xcode 3.2";
			developmentRegion = English;
			hasScannedForEncodings = 0;
			knownRegions = (
				en,
				Base,
			);
			mainGroup = FC0026811EA321750097E916;
			productRefGroup = FC00268B1EA321750097E916 /* Products */;
			projectDirPath = "";
			projectRoot = "";
			targets = (
				FC0026891EA321750097E916 /* ThatYear */,
			);
		};
/* End PBXProject section */

/* Begin PBXResourcesBuildPhase section */
		FC0026881EA321750097E916 /* Resources */ = {
			isa = PBXResourcesBuildPhase;
			buildActionMask = 2147483647;
			files = (
				FC0026A01EA321750097E916 /* LaunchScreen.storyboard in Resources */,
				FC00269D1EA321750097E916 /* Assets.xcassets in Resources */,
				FC0026981EA321750097E916 /* Main.storyboard in Resources */,
			);
			runOnlyForDeploymentPostprocessing = 0;
		};
/* End PBXResourcesBuildPhase section */

/* Begin PBXSourcesBuildPhase section */
		FC0026861EA321750097E916 /* Sources */ = {
			isa = PBXSourcesBuildPhase;
			buildActionMask = 2147483647;
			files = (
				FC0026951EA321750097E916 /* ViewController.m in Sources */,
				FC0026921EA321750097E916 /* AppDelegate.m in Sources */,
				FC00268F1EA321750097E916 /* main.m in Sources */,
				FC00269B1EA321750097E916 /* ThatYear.xcdatamodeld in Sources */,
			);
			runOnlyForDeploymentPostprocessing = 0;
		};
/* End PBXSourcesBuildPhase section */

/* Begin PBXVariantGroup section */
		FC0026961EA321750097E916 /* Main.storyboard */ = {
			isa = PBXVariantGroup;
			children = (
				FC0026971EA321750097E916 /* Base */,
			);
			name = Main.storyboard;
			sourceTree = "<group>";
		};
		FC00269E1EA321750097E916 /* LaunchScreen.storyboard */ = {
			isa = PBXVariantGroup;
			children = (
				FC00269F1EA321750097E916 /* Base */,
			);
			name = LaunchScreen.storyboard;
			sourceTree = "<group>";
		};
/* End PBXVariantGroup section */

/* Begin XCBuildConfiguration section */
		FC0026A21EA321750097E916 /* Debug */ = {
			isa = XCBuildConfiguration;
			buildSettings = {
				ALWAYS_SEARCH_USER_PATHS = NO;
				CLANG_ANALYZER_NONNULL = YES;
				CLANG_ANALYZER_NUMBER_OBJECT_CONVERSION = YES_AGGRESSIVE;
				CLANG_CXX_LANGUAGE_STANDARD = "gnu++0x";
				CLANG_CXX_LIBRARY = "libc++";
				CLANG_ENABLE_MODULES = YES;
				CLANG_ENABLE_OBJC_ARC = YES;
				CLANG_WARN_BOOL_CONVERSION = YES;
				CLANG_WARN_CONSTANT_CONVERSION = YES;
				CLANG_WARN_DIRECT_OBJC_ISA_USAGE = YES_ERROR;
				CLANG_WARN_DOCUMENTATION_COMMENTS = YES;
				CLANG_WARN_EMPTY_BODY = YES;
				CLANG_WARN_ENUM_CONVERSION = YES;
				CLANG_WARN_INFINITE_RECURSION = YES;
				CLANG_WARN_INT_CONVERSION = YES;
				CLANG_WARN_OBJC_ROOT_CLASS = YES_ERROR;
				CLANG_WARN_SUSPICIOUS_MOVE = YES;
				CLANG_WARN_UNREACHABLE_CODE = YES;
				CLANG_WARN__DUPLICATE_METHOD_MATCH = YES;
				"CODE_SIGN_IDENTITY[sdk=iphoneos*]" = "iPhone Developer";
				COPY_PHASE_STRIP = NO;
				DEBUG_INFORMATION_FORMAT = dwarf;
				ENABLE_STRICT_OBJC_MSGSEND = YES;
				ENABLE_TESTABILITY = YES;
				GCC_C_LANGUAGE_STANDARD = gnu99;
				GCC_DYNAMIC_NO_PIC = NO;
				GCC_NO_COMMON_BLOCKS = YES;
				GCC_OPTIMIZATION_LEVEL = 0;
				GCC_PREPROCESSOR_DEFINITIONS = (
					"DEBUG=1",
					"$(inherited)",
				);
				GCC_WARN_64_TO_32_BIT_CONVERSION = YES;
				GCC_WARN_ABOUT_RETURN_TYPE = YES_ERROR;
				GCC_WARN_UNDECLARED_SELECTOR = YES;
				GCC_WARN_UNINITIALIZED_AUTOS = YES_AGGRESSIVE;
				GCC_WARN_UNUSED_FUNCTION = YES;
				GCC_WARN_UNUSED_VARIABLE = YES;
				IPHONEOS_DEPLOYMENT_TARGET = 10.3;
				MTL_ENABLE_DEBUG_INFO = YES;
				ONLY_ACTIVE_ARCH = YES;
				SDKROOT = iphoneos;
				TARGETED_DEVICE_FAMILY = "1,2";
			};
			name = Debug;
		};
		FC0026A31EA321750097E916 /* Release */ = {
			isa = XCBuildConfiguration;
			buildSettings = {
				ALWAYS_SEARCH_USER_PATHS = NO;
				CLANG_ANALYZER_NONNULL = YES;
				CLANG_ANALYZER_NUMBER_OBJECT_CONVERSION = YES_AGGRESSIVE;
				CLANG_CXX_LANGUAGE_STANDARD = "gnu++0x";
				CLANG_CXX_LIBRARY = "libc++";
				CLANG_ENABLE_MODULES = YES;
				CLANG_ENABLE_OBJC_ARC = YES;
				CLANG_WARN_BOOL_CONVERSION = YES;
				CLANG_WARN_CONSTANT_CONVERSION = YES;
				CLANG_WARN_DIRECT_OBJC_ISA_USAGE = YES_ERROR;
				CLANG_WARN_DOCUMENTATION_COMMENTS = YES;
				CLANG_WARN_EMPTY_BODY = YES;
				CLANG_WARN_ENUM_CONVERSION = YES;
				CLANG_WARN_INFINITE_RECURSION = YES;
				CLANG_WARN_INT_CONVERSION = YES;
				CLANG_WARN_OBJC_ROOT_CLASS = YES_ERROR;
				CLANG_WARN_SUSPICIOUS_MOVE = YES;
				CLANG_WARN_UNREACHABLE_CODE = YES;
				CLANG_WARN__DUPLICATE_METHOD_MATCH = YES;
				"CODE_SIGN_IDENTITY[sdk=iphoneos*]" = "iPhone Developer";
				COPY_PHASE_STRIP = NO;
				DEBUG_INFORMATION_FORMAT = "dwarf-with-dsym";
				ENABLE_NS_ASSERTIONS = NO;
				ENABLE_STRICT_OBJC_MSGSEND = YES;
				GCC_C_LANGUAGE_STANDARD = gnu99;
				GCC_NO_COMMON_BLOCKS = YES;
				GCC_WARN_64_TO_32_BIT_CONVERSION = YES;
				GCC_WARN_ABOUT_RETURN_TYPE = YES_ERROR;
				GCC_WARN_UNDECLARED_SELECTOR = YES;
				GCC_WARN_UNINITIALIZED_AUTOS = YES_AGGRESSIVE;
				GCC_WARN_UNUSED_FUNCTION = YES;
				GCC_WARN_UNUSED_VARIABLE = YES;
				IPHONEOS_DEPLOYMENT_TARGET = 10.3;
				MTL_ENABLE_DEBUG_INFO = NO;
				SDKROOT = iphoneos;
				TARGETED_DEVICE_FAMILY = "1,2";
				VALIDATE_PRODUCT = YES;
			};
			name = Release;
		};
		FC0026A51EA321750097E916 /* Debug */ = {
			isa = XCBuildConfiguration;
			buildSettings = {
				ASSETCATALOG_COMPILER_APPICON_NAME = AppIcon;
				DEVELOPMENT_TEAM = DRWMXDN468;
				INFOPLIST_FILE = ThatYear/Info.plist;
				LD_RUNPATH_SEARCH_PATHS = "$(inherited) @executable_path/Frameworks";
				PRODUCT_BUNDLE_IDENTIFIER = com.app.iphone.thatyear.ThatYear;
				PRODUCT_NAME = "$(TARGET_NAME)";
			};
			name = Debug;
		};
		FC0026A61EA321750097E916 /* Release */ = {
			isa = XCBuildConfiguration;
			buildSettings = {
				ASSETCATALOG_COMPILER_APPICON_NAME = AppIcon;
				DEVELOPMENT_TEAM = DRWMXDN468;
				INFOPLIST_FILE = ThatYear/Info.plist;
				LD_RUNPATH_SEARCH_PATHS = "$(inherited) @executable_path/Frameworks";
				PRODUCT_BUNDLE_IDENTIFIER = com.app.iphone.thatyear.ThatYear;
				PRODUCT_NAME = "$(TARGET_NAME)";
			};
			name = Release;
		};
/* End XCBuildConfiguration section */

/* Begin XCConfigurationList section */
		FC0026851EA321750097E916 /* Build configuration list for PBXProject "ThatYear" */ = {
			isa = XCConfigurationList;
			buildConfigurations = (
				FC0026A21EA321750097E916 /* Debug */,
				FC0026A31EA321750097E916 /* Release */,
			);
			defaultConfigurationIsVisible = 0;
			defaultConfigurationName = Release;
		};
		FC0026A41EA321750097E916 /* Build configuration list for PBXNativeTarget "ThatYear" */ = {
			isa = XCConfigurationList;
			buildConfigurations = (
				FC0026A51EA321750097E916 /* Debug */,
				FC0026A61EA321750097E916 /* Release */,
			);
			defaultConfigurationIsVisible = 0;
		};
/* End XCConfigurationList section */

/* Begin XCVersionGroup section */
		FC0026991EA321750097E916 /* ThatYear.xcdatamodeld */ = {
			isa = XCVersionGroup;
			children = (
				FC00269A1EA321750097E916 /* ThatYear.xcdatamodel */,
			);
			currentVersion = FC00269A1EA321750097E916 /* ThatYear.xcdatamodel */;
			path = ThatYear.xcdatamodeld;
			sourceTree = "<group>";
			versionGroupType = wrapper.xcdatamodel;
		};
/* End XCVersionGroup section */
	};
	rootObject = FC0026821EA321750097E916 /* Project object */;
}
