// !$*UTF8*$!
{
	archiveVersion = 1;
	classes = {
	};
	objectVersion = 46;
	objects = {

/* Begin PBXBuildFile section */
		37ABDE15D8A08AE21E9DE20A /* libPods-ThatYear.a in Frameworks */ = {isa = PBXBuildFile; fileRef = FE39D2E5A02F53DAF740B46C /* libPods-ThatYear.a */; };
		ED950DE21EA398CA0074E622 /* ImageScrollView.m in Sources */ = {isa = PBXBuildFile; fileRef = ED950DE11EA398CA0074E622 /* ImageScrollView.m */; };
		ED950DE41EA3A8890074E622 /* 私人定制.gif in Resources */ = {isa = PBXBuildFile; fileRef = ED950DE31EA3A8890074E622 /* 私人定制.gif */; };
		EDB60EC31EA3604400C4D29C /* main.m in Sources */ = {isa = PBXBuildFile; fileRef = EDB60EC21EA3604400C4D29C /* main.m */; };
		EDB60EC61EA3604400C4D29C /* AppDelegate.m in Sources */ = {isa = PBXBuildFile; fileRef = EDB60EC51EA3604400C4D29C /* AppDelegate.m */; };
		EDB60ECC1EA3604400C4D29C /* Main.storyboard in Resources */ = {isa = PBXBuildFile; fileRef = EDB60ECA1EA3604400C4D29C /* Main.storyboard */; };
		EDB60ECE1EA3604400C4D29C /* Assets.xcassets in Resources */ = {isa = PBXBuildFile; fileRef = EDB60ECD1EA3604400C4D29C /* Assets.xcassets */; };
		EDB60ED11EA3604400C4D29C /* LaunchScreen.storyboard in Resources */ = {isa = PBXBuildFile; fileRef = EDB60ECF1EA3604400C4D29C /* LaunchScreen.storyboard */; };
		EDB60EDA1EA363DF00C4D29C /* HomeViewController.m in Sources */ = {isa = PBXBuildFile; fileRef = EDB60ED91EA363DF00C4D29C /* HomeViewController.m */; };
		EDB60EE01EA3696800C4D29C /* MenuViewController.m in Sources */ = {isa = PBXBuildFile; fileRef = EDB60EDF1EA3696800C4D29C /* MenuViewController.m */; };
		EDB60EE31EA36D8D00C4D29C /* ScrollViewController.m in Sources */ = {isa = PBXBuildFile; fileRef = EDB60EE21EA36D8D00C4D29C /* ScrollViewController.m */; };
		EDB60EE61EA36E3D00C4D29C /* GifPlayerController.m in Sources */ = {isa = PBXBuildFile; fileRef = EDB60EE51EA36E3D00C4D29C /* GifPlayerController.m */; };
		EDB60EE81EA370F600C4D29C /* 在线订购.gif in Resources */ = {isa = PBXBuildFile; fileRef = EDB60EE71EA370F600C4D29C /* 在线订购.gif */; };
		EDB60EEA1EA3763C00C4D29C /* 品牌故事.jpg in Resources */ = {isa = PBXBuildFile; fileRef = EDB60EE91EA3763C00C4D29C /* 品牌故事.jpg */; };
		FCCFCDB01EA4A06000C07BDE /* pic1.jpg in Resources */ = {isa = PBXBuildFile; fileRef = FCCFCDAD1EA4A06000C07BDE /* pic1.jpg */; };
		FCCFCDB11EA4A06000C07BDE /* pic2.jpg in Resources */ = {isa = PBXBuildFile; fileRef = FCCFCDAE1EA4A06000C07BDE /* pic2.jpg */; };
		FCCFCDB21EA4A06000C07BDE /* pic3.jpg in Resources */ = {isa = PBXBuildFile; fileRef = FCCFCDAF1EA4A06000C07BDE /* pic3.jpg */; };
		FCCFCDB91EA4A8AA00C07BDE /* banner1.JPG in Resources */ = {isa = PBXBuildFile; fileRef = FCCFCDB31EA4A8AA00C07BDE /* banner1.JPG */; };
		FCCFCDBA1EA4A8AA00C07BDE /* banner2.JPG in Resources */ = {isa = PBXBuildFile; fileRef = FCCFCDB41EA4A8AA00C07BDE /* banner2.JPG */; };
		FCCFCDBB1EA4A8AA00C07BDE /* banner3.jpg in Resources */ = {isa = PBXBuildFile; fileRef = FCCFCDB51EA4A8AA00C07BDE /* banner3.jpg */; };
		FCCFCDBC1EA4A8AA00C07BDE /* banner4.jpg in Resources */ = {isa = PBXBuildFile; fileRef = FCCFCDB61EA4A8AA00C07BDE /* banner4.jpg */; };
		FCCFCDBD1EA4A8AA00C07BDE /* banner5.jpg in Resources */ = {isa = PBXBuildFile; fileRef = FCCFCDB71EA4A8AA00C07BDE /* banner5.jpg */; };
		FCCFCDBE1EA4A8AA00C07BDE /* banner6.jpg in Resources */ = {isa = PBXBuildFile; fileRef = FCCFCDB81EA4A8AA00C07BDE /* banner6.jpg */; };
		FCCFCDC11EA4B09000C07BDE /* BannerViewController.m in Sources */ = {isa = PBXBuildFile; fileRef = FCCFCDC01EA4B09000C07BDE /* BannerViewController.m */; };
/* End PBXBuildFile section */

/* Begin PBXFileReference section */
		51298263D63487E88939FF5D /* Pods-ThatYear.debug.xcconfig */ = {isa = PBXFileReference; includeInIndex = 1; lastKnownFileType = text.xcconfig; name = "Pods-ThatYear.debug.xcconfig"; path = "Pods/Target Support Files/Pods-ThatYear/Pods-ThatYear.debug.xcconfig"; sourceTree = "<group>"; };
		8526653C0EA47B37F815E293 /* Pods-ThatYear.release.xcconfig */ = {isa = PBXFileReference; includeInIndex = 1; lastKnownFileType = text.xcconfig; name = "Pods-ThatYear.release.xcconfig"; path = "Pods/Target Support Files/Pods-ThatYear/Pods-ThatYear.release.xcconfig"; sourceTree = "<group>"; };
		ED950DE01EA398CA0074E622 /* ImageScrollView.h */ = {isa = PBXFileReference; fileEncoding = 4; lastKnownFileType = sourcecode.c.h; path = ImageScrollView.h; sourceTree = "<group>"; };
		ED950DE11EA398CA0074E622 /* ImageScrollView.m */ = {isa = PBXFileReference; fileEncoding = 4; lastKnownFileType = sourcecode.c.objc; path = ImageScrollView.m; sourceTree = "<group>"; };
		ED950DE31EA3A8890074E622 /* 私人定制.gif */ = {isa = PBXFileReference; lastKnownFileType = image.gif; path = "私人定制.gif"; sourceTree = "<group>"; };
		EDB60EBE1EA3604400C4D29C /* ThatYear.app */ = {isa = PBXFileReference; explicitFileType = wrapper.application; includeInIndex = 0; path = ThatYear.app; sourceTree = BUILT_PRODUCTS_DIR; };
		EDB60EC21EA3604400C4D29C /* main.m */ = {isa = PBXFileReference; lastKnownFileType = sourcecode.c.objc; path = main.m; sourceTree = "<group>"; };
		EDB60EC41EA3604400C4D29C /* AppDelegate.h */ = {isa = PBXFileReference; lastKnownFileType = sourcecode.c.h; path = AppDelegate.h; sourceTree = "<group>"; };
		EDB60EC51EA3604400C4D29C /* AppDelegate.m */ = {isa = PBXFileReference; lastKnownFileType = sourcecode.c.objc; path = AppDelegate.m; sourceTree = "<group>"; };
		EDB60ECB1EA3604400C4D29C /* Base */ = {isa = PBXFileReference; lastKnownFileType = file.storyboard; name = Base; path = Base.lproj/Main.storyboard; sourceTree = "<group>"; };
		EDB60ECD1EA3604400C4D29C /* Assets.xcassets */ = {isa = PBXFileReference; lastKnownFileType = folder.assetcatalog; path = Assets.xcassets; sourceTree = "<group>"; };
		EDB60ED01EA3604400C4D29C /* Base */ = {isa = PBXFileReference; lastKnownFileType = file.storyboard; name = Base; path = Base.lproj/LaunchScreen.storyboard; sourceTree = "<group>"; };
		EDB60ED21EA3604400C4D29C /* Info.plist */ = {isa = PBXFileReference; lastKnownFileType = text.plist.xml; path = Info.plist; sourceTree = "<group>"; };
		EDB60ED81EA363DF00C4D29C /* HomeViewController.h */ = {isa = PBXFileReference; fileEncoding = 4; lastKnownFileType = sourcecode.c.h; path = HomeViewController.h; sourceTree = "<group>"; };
		EDB60ED91EA363DF00C4D29C /* HomeViewController.m */ = {isa = PBXFileReference; fileEncoding = 4; lastKnownFileType = sourcecode.c.objc; path = HomeViewController.m; sourceTree = "<group>"; };
		EDB60EDE1EA3696800C4D29C /* MenuViewController.h */ = {isa = PBXFileReference; fileEncoding = 4; lastKnownFileType = sourcecode.c.h; path = MenuViewController.h; sourceTree = "<group>"; };
		EDB60EDF1EA3696800C4D29C /* MenuViewController.m */ = {isa = PBXFileReference; fileEncoding = 4; lastKnownFileType = sourcecode.c.objc; path = MenuViewController.m; sourceTree = "<group>"; };
		EDB60EE11EA36D8D00C4D29C /* ScrollViewController.h */ = {isa = PBXFileReference; fileEncoding = 4; lastKnownFileType = sourcecode.c.h; path = ScrollViewController.h; sourceTree = "<group>"; };
		EDB60EE21EA36D8D00C4D29C /* ScrollViewController.m */ = {isa = PBXFileReference; fileEncoding = 4; lastKnownFileType = sourcecode.c.objc; path = ScrollViewController.m; sourceTree = "<group>"; };
		EDB60EE41EA36E3D00C4D29C /* GifPlayerController.h */ = {isa = PBXFileReference; fileEncoding = 4; lastKnownFileType = sourcecode.c.h; path = GifPlayerController.h; sourceTree = "<group>"; };
		EDB60EE51EA36E3D00C4D29C /* GifPlayerController.m */ = {isa = PBXFileReference; fileEncoding = 4; lastKnownFileType = sourcecode.c.objc; path = GifPlayerController.m; sourceTree = "<group>"; };
		EDB60EE71EA370F600C4D29C /* 在线订购.gif */ = {isa = PBXFileReference; lastKnownFileType = image.gif; path = "在线订购.gif"; sourceTree = "<group>"; };
		EDB60EE91EA3763C00C4D29C /* 品牌故事.jpg */ = {isa = PBXFileReference; lastKnownFileType = image.jpeg; path = "品牌故事.jpg"; sourceTree = "<group>"; };
		FCCFCDAD1EA4A06000C07BDE /* pic1.jpg */ = {isa = PBXFileReference; lastKnownFileType = image.jpeg; path = pic1.jpg; sourceTree = "<group>"; };
		FCCFCDAE1EA4A06000C07BDE /* pic2.jpg */ = {isa = PBXFileReference; lastKnownFileType = image.jpeg; path = pic2.jpg; sourceTree = "<group>"; };
		FCCFCDAF1EA4A06000C07BDE /* pic3.jpg */ = {isa = PBXFileReference; lastKnownFileType = image.jpeg; path = pic3.jpg; sourceTree = "<group>"; };
		FCCFCDB31EA4A8AA00C07BDE /* banner1.JPG */ = {isa = PBXFileReference; lastKnownFileType = image.jpeg; path = banner1.JPG; sourceTree = "<group>"; };
		FCCFCDB41EA4A8AA00C07BDE /* banner2.JPG */ = {isa = PBXFileReference; lastKnownFileType = image.jpeg; path = banner2.JPG; sourceTree = "<group>"; };
		FCCFCDB51EA4A8AA00C07BDE /* banner3.jpg */ = {isa = PBXFileReference; lastKnownFileType = image.jpeg; path = banner3.jpg; sourceTree = "<group>"; };
		FCCFCDB61EA4A8AA00C07BDE /* banner4.jpg */ = {isa = PBXFileReference; lastKnownFileType = image.jpeg; path = banner4.jpg; sourceTree = "<group>"; };
		FCCFCDB71EA4A8AA00C07BDE /* banner5.jpg */ = {isa = PBXFileReference; lastKnownFileType = image.jpeg; path = banner5.jpg; sourceTree = "<group>"; };
		FCCFCDB81EA4A8AA00C07BDE /* banner6.jpg */ = {isa = PBXFileReference; lastKnownFileType = image.jpeg; path = banner6.jpg; sourceTree = "<group>"; };
		FCCFCDBF1EA4B09000C07BDE /* BannerViewController.h */ = {isa = PBXFileReference; fileEncoding = 4; lastKnownFileType = sourcecode.c.h; path = BannerViewController.h; sourceTree = "<group>"; };
		FCCFCDC01EA4B09000C07BDE /* BannerViewController.m */ = {isa = PBXFileReference; fileEncoding = 4; lastKnownFileType = sourcecode.c.objc; path = BannerViewController.m; sourceTree = "<group>"; };
		FE39D2E5A02F53DAF740B46C /* libPods-ThatYear.a */ = {isa = PBXFileReference; explicitFileType = archive.ar; includeInIndex = 0; path = "libPods-ThatYear.a"; sourceTree = BUILT_PRODUCTS_DIR; };
/* End PBXFileReference section */

/* Begin PBXFrameworksBuildPhase section */
		EDB60EBB1EA3604400C4D29C /* Frameworks */ = {
			isa = PBXFrameworksBuildPhase;
			buildActionMask = 2147483647;
			files = (
				37ABDE15D8A08AE21E9DE20A /* libPods-ThatYear.a in Frameworks */,
			);
			runOnlyForDeploymentPostprocessing = 0;
		};
/* End PBXFrameworksBuildPhase section */

/* Begin PBXGroup section */
		21EB84AA242FA345B2BF7FEA /* Frameworks */ = {
			isa = PBXGroup;
			children = (
				FE39D2E5A02F53DAF740B46C /* libPods-ThatYear.a */,
			);
			name = Frameworks;
			sourceTree = "<group>";
		};
		66A0FB72CAA850460EB00A90 /* Pods */ = {
			isa = PBXGroup;
			children = (
				51298263D63487E88939FF5D /* Pods-ThatYear.debug.xcconfig */,
				8526653C0EA47B37F815E293 /* Pods-ThatYear.release.xcconfig */,
			);
			name = Pods;
			sourceTree = "<group>";
		};
		EDB60EB51EA3604400C4D29C = {
			isa = PBXGroup;
			children = (
				EDB60EC01EA3604400C4D29C /* ThatYear */,
				EDB60EBF1EA3604400C4D29C /* Products */,
				66A0FB72CAA850460EB00A90 /* Pods */,
				21EB84AA242FA345B2BF7FEA /* Frameworks */,
			);
			sourceTree = "<group>";
		};
		EDB60EBF1EA3604400C4D29C /* Products */ = {
			isa = PBXGroup;
			children = (
				EDB60EBE1EA3604400C4D29C /* ThatYear.app */,
			);
			name = Products;
			sourceTree = "<group>";
		};
		EDB60EC01EA3604400C4D29C /* ThatYear */ = {
			isa = PBXGroup;
			children = (
				FCCFCDB31EA4A8AA00C07BDE /* banner1.JPG */,
				FCCFCDB41EA4A8AA00C07BDE /* banner2.JPG */,
				FCCFCDB51EA4A8AA00C07BDE /* banner3.jpg */,
				FCCFCDB61EA4A8AA00C07BDE /* banner4.jpg */,
				FCCFCDB71EA4A8AA00C07BDE /* banner5.jpg */,
				FCCFCDB81EA4A8AA00C07BDE /* banner6.jpg */,
				FCCFCDAD1EA4A06000C07BDE /* pic1.jpg */,
				FCCFCDAE1EA4A06000C07BDE /* pic2.jpg */,
				FCCFCDAF1EA4A06000C07BDE /* pic3.jpg */,
				EDB60EE91EA3763C00C4D29C /* 品牌故事.jpg */,
				EDB60EE71EA370F600C4D29C /* 在线订购.gif */,
				ED950DE31EA3A8890074E622 /* 私人定制.gif */,
				EDB60ED81EA363DF00C4D29C /* HomeViewController.h */,
				EDB60ED91EA363DF00C4D29C /* HomeViewController.m */,
				EDB60EC41EA3604400C4D29C /* AppDelegate.h */,
				EDB60EC51EA3604400C4D29C /* AppDelegate.m */,
				EDB60ECA1EA3604400C4D29C /* Main.storyboard */,
				EDB60ECD1EA3604400C4D29C /* Assets.xcassets */,
				EDB60ECF1EA3604400C4D29C /* LaunchScreen.storyboard */,
				EDB60ED21EA3604400C4D29C /* Info.plist */,
				EDB60EC11EA3604400C4D29C /* Supporting Files */,
				EDB60EDE1EA3696800C4D29C /* MenuViewController.h */,
				EDB60EDF1EA3696800C4D29C /* MenuViewController.m */,
				EDB60EE11EA36D8D00C4D29C /* ScrollViewController.h */,
				EDB60EE21EA36D8D00C4D29C /* ScrollViewController.m */,
				EDB60EE41EA36E3D00C4D29C /* GifPlayerController.h */,
				EDB60EE51EA36E3D00C4D29C /* GifPlayerController.m */,
				ED950DE01EA398CA0074E622 /* ImageScrollView.h */,
				ED950DE11EA398CA0074E622 /* ImageScrollView.m */,
				FCCFCDBF1EA4B09000C07BDE /* BannerViewController.h */,
				FCCFCDC01EA4B09000C07BDE /* BannerViewController.m */,
			);
			path = ThatYear;
			sourceTree = "<group>";
		};
		EDB60EC11EA3604400C4D29C /* Supporting Files */ = {
			isa = PBXGroup;
			children = (
				EDB60EC21EA3604400C4D29C /* main.m */,
			);
			name = "Supporting Files";
			sourceTree = "<group>";
		};
/* End PBXGroup section */

/* Begin PBXNativeTarget section */
		EDB60EBD1EA3604400C4D29C /* ThatYear */ = {
			isa = PBXNativeTarget;
			buildConfigurationList = EDB60ED51EA3604400C4D29C /* Build configuration list for PBXNativeTarget "ThatYear" */;
			buildPhases = (
				2D55F7D711C09C716A781327 /* [CP] Check Pods Manifest.lock */,
				EDB60EBA1EA3604400C4D29C /* Sources */,
				EDB60EBB1EA3604400C4D29C /* Frameworks */,
				EDB60EBC1EA3604400C4D29C /* Resources */,
				7B258C65A603CB3F3BDED032 /* [CP] Embed Pods Frameworks */,
				1DAD82E8AF419AB6F7C854DD /* [CP] Copy Pods Resources */,
			);
			buildRules = (
			);
			dependencies = (
			);
			name = ThatYear;
			productName = ThatYear;
			productReference = EDB60EBE1EA3604400C4D29C /* ThatYear.app */;
			productType = "com.apple.product-type.application";
		};
/* End PBXNativeTarget section */

/* Begin PBXProject section */
		EDB60EB61EA3604400C4D29C /* Project object */ = {
			isa = PBXProject;
			attributes = {
				LastUpgradeCheck = 0830;
				ORGANIZATIONNAME = LiuZhen;
				TargetAttributes = {
					EDB60EBD1EA3604400C4D29C = {
						CreatedOnToolsVersion = 8.3;
						DevelopmentTeam = S26P4W2TK7;
						ProvisioningStyle = Automatic;
					};
				};
			};
			buildConfigurationList = EDB60EB91EA3604400C4D29C /* Build configuration list for PBXProject "ThatYear" */;
			compatibilityVersion = "Xcode 3.2";
			developmentRegion = English;
			hasScannedForEncodings = 0;
			knownRegions = (
				en,
				Base,
			);
			mainGroup = EDB60EB51EA3604400C4D29C;
			productRefGroup = EDB60EBF1EA3604400C4D29C /* Products */;
			projectDirPath = "";
			projectRoot = "";
			targets = (
				EDB60EBD1EA3604400C4D29C /* ThatYear */,
			);
		};
/* End PBXProject section */

/* Begin PBXResourcesBuildPhase section */
		EDB60EBC1EA3604400C4D29C /* Resources */ = {
			isa = PBXResourcesBuildPhase;
			buildActionMask = 2147483647;
			files = (
				EDB60ED11EA3604400C4D29C /* LaunchScreen.storyboard in Resources */,
				FCCFCDBE1EA4A8AA00C07BDE /* banner6.jpg in Resources */,
				ED950DE41EA3A8890074E622 /* 私人定制.gif in Resources */,
				EDB60ECE1EA3604400C4D29C /* Assets.xcassets in Resources */,
				EDB60EE81EA370F600C4D29C /* 在线订购.gif in Resources */,
				FCCFCDB21EA4A06000C07BDE /* pic3.jpg in Resources */,
				FCCFCDBC1EA4A8AA00C07BDE /* banner4.jpg in Resources */,
				FCCFCDB91EA4A8AA00C07BDE /* banner1.JPG in Resources */,
				FCCFCDBD1EA4A8AA00C07BDE /* banner5.jpg in Resources */,
				EDB60EEA1EA3763C00C4D29C /* 品牌故事.jpg in Resources */,
				FCCFCDBB1EA4A8AA00C07BDE /* banner3.jpg in Resources */,
				FCCFCDB11EA4A06000C07BDE /* pic2.jpg in Resources */,
				FCCFCDB01EA4A06000C07BDE /* pic1.jpg in Resources */,
				FCCFCDBA1EA4A8AA00C07BDE /* banner2.JPG in Resources */,
				EDB60ECC1EA3604400C4D29C /* Main.storyboard in Resources */,
			);
			runOnlyForDeploymentPostprocessing = 0;
		};
/* End PBXResourcesBuildPhase section */

/* Begin PBXShellScriptBuildPhase section */
		1DAD82E8AF419AB6F7C854DD /* [CP] Copy Pods Resources */ = {
			isa = PBXShellScriptBuildPhase;
			buildActionMask = 2147483647;
			files = (
			);
			inputPaths = (
			);
			name = "[CP] Copy Pods Resources";
			outputPaths = (
			);
			runOnlyForDeploymentPostprocessing = 0;
			shellPath = /bin/sh;
			shellScript = "\"${SRCROOT}/Pods/Target Support Files/Pods-ThatYear/Pods-ThatYear-resources.sh\"\n";
			showEnvVarsInLog = 0;
		};
		2D55F7D711C09C716A781327 /* [CP] Check Pods Manifest.lock */ = {
			isa = PBXShellScriptBuildPhase;
			buildActionMask = 2147483647;
			files = (
			);
			inputPaths = (
			);
			name = "[CP] Check Pods Manifest.lock";
			outputPaths = (
			);
			runOnlyForDeploymentPostprocessing = 0;
			shellPath = /bin/sh;
			shellScript = "diff \"${PODS_ROOT}/../Podfile.lock\" \"${PODS_ROOT}/Manifest.lock\" > /dev/null\nif [ $? != 0 ] ; then\n    # print error to STDERR\n    echo \"error: The sandbox is not in sync with the Podfile.lock. Run 'pod install' or update your CocoaPods installation.\" >&2\n    exit 1\nfi\n";
			showEnvVarsInLog = 0;
		};
		7B258C65A603CB3F3BDED032 /* [CP] Embed Pods Frameworks */ = {
			isa = PBXShellScriptBuildPhase;
			buildActionMask = 2147483647;
			files = (
			);
			inputPaths = (
			);
			name = "[CP] Embed Pods Frameworks";
			outputPaths = (
			);
			runOnlyForDeploymentPostprocessing = 0;
			shellPath = /bin/sh;
			shellScript = "\"${SRCROOT}/Pods/Target Support Files/Pods-ThatYear/Pods-ThatYear-frameworks.sh\"\n";
			showEnvVarsInLog = 0;
		};
/* End PBXShellScriptBuildPhase section */

/* Begin PBXSourcesBuildPhase section */
		EDB60EBA1EA3604400C4D29C /* Sources */ = {
			isa = PBXSourcesBuildPhase;
			buildActionMask = 2147483647;
			files = (
				ED950DE21EA398CA0074E622 /* ImageScrollView.m in Sources */,
				EDB60EE01EA3696800C4D29C /* MenuViewController.m in Sources */,
				EDB60EC61EA3604400C4D29C /* AppDelegate.m in Sources */,
				EDB60EC31EA3604400C4D29C /* main.m in Sources */,
				EDB60EE31EA36D8D00C4D29C /* ScrollViewController.m in Sources */,
				EDB60EDA1EA363DF00C4D29C /* HomeViewController.m in Sources */,
				FCCFCDC11EA4B09000C07BDE /* BannerViewController.m in Sources */,
				EDB60EE61EA36E3D00C4D29C /* GifPlayerController.m in Sources */,
			);
			runOnlyForDeploymentPostprocessing = 0;
		};
/* End PBXSourcesBuildPhase section */

/* Begin PBXVariantGroup section */
		EDB60ECA1EA3604400C4D29C /* Main.storyboard */ = {
			isa = PBXVariantGroup;
			children = (
				EDB60ECB1EA3604400C4D29C /* Base */,
			);
			name = Main.storyboard;
			sourceTree = "<group>";
		};
		EDB60ECF1EA3604400C4D29C /* LaunchScreen.storyboard */ = {
			isa = PBXVariantGroup;
			children = (
				EDB60ED01EA3604400C4D29C /* Base */,
			);
			name = LaunchScreen.storyboard;
			sourceTree = "<group>";
		};
/* End PBXVariantGroup section */

/* Begin XCBuildConfiguration section */
		EDB60ED31EA3604400C4D29C /* Debug */ = {
			isa = XCBuildConfiguration;
			baseConfigurationReference = 51298263D63487E88939FF5D /* Pods-ThatYear.debug.xcconfig */;
			buildSettings = {
				ALWAYS_SEARCH_USER_PATHS = NO;
				CLANG_ANALYZER_NONNULL = YES;
				CLANG_ANALYZER_NUMBER_OBJECT_CONVERSION = YES_AGGRESSIVE;
				CLANG_CXX_LANGUAGE_STANDARD = "gnu++0x";
				CLANG_CXX_LIBRARY = "libc++";
				CLANG_ENABLE_MODULES = YES;
				CLANG_ENABLE_OBJC_ARC = YES;
				CLANG_WARN_BOOL_CONVERSION = YES;
				CLANG_WARN_CONSTANT_CONVERSION = YES;
				CLANG_WARN_DIRECT_OBJC_ISA_USAGE = YES_ERROR;
				CLANG_WARN_DOCUMENTATION_COMMENTS = YES;
				CLANG_WARN_EMPTY_BODY = YES;
				CLANG_WARN_ENUM_CONVERSION = YES;
				CLANG_WARN_INFINITE_RECURSION = YES;
				CLANG_WARN_INT_CONVERSION = YES;
				CLANG_WARN_OBJC_ROOT_CLASS = YES_ERROR;
				CLANG_WARN_SUSPICIOUS_MOVE = YES;
				CLANG_WARN_UNREACHABLE_CODE = YES;
				CLANG_WARN__DUPLICATE_METHOD_MATCH = YES;
				"CODE_SIGN_IDENTITY[sdk=iphoneos*]" = "iPhone Developer";
				COPY_PHASE_STRIP = NO;
				DEBUG_INFORMATION_FORMAT = dwarf;
				ENABLE_STRICT_OBJC_MSGSEND = YES;
				ENABLE_TESTABILITY = YES;
				GCC_C_LANGUAGE_STANDARD = gnu99;
				GCC_DYNAMIC_NO_PIC = NO;
				GCC_NO_COMMON_BLOCKS = YES;
				GCC_OPTIMIZATION_LEVEL = 0;
				GCC_PREPROCESSOR_DEFINITIONS = (
					"DEBUG=1",
					"$(inherited)",
				);
				GCC_WARN_64_TO_32_BIT_CONVERSION = YES;
				GCC_WARN_ABOUT_RETURN_TYPE = YES_ERROR;
				GCC_WARN_UNDECLARED_SELECTOR = YES;
				GCC_WARN_UNINITIALIZED_AUTOS = YES_AGGRESSIVE;
				GCC_WARN_UNUSED_FUNCTION = YES;
				GCC_WARN_UNUSED_VARIABLE = YES;
				IPHONEOS_DEPLOYMENT_TARGET = 10.3;
				MTL_ENABLE_DEBUG_INFO = YES;
				ONLY_ACTIVE_ARCH = YES;
				SDKROOT = iphoneos;
			};
			name = Debug;
		};
		EDB60ED41EA3604400C4D29C /* Release */ = {
			isa = XCBuildConfiguration;
			baseConfigurationReference = 8526653C0EA47B37F815E293 /* Pods-ThatYear.release.xcconfig */;
			buildSettings = {
				ALWAYS_SEARCH_USER_PATHS = NO;
				CLANG_ANALYZER_NONNULL = YES;
				CLANG_ANALYZER_NUMBER_OBJECT_CONVERSION = YES_AGGRESSIVE;
				CLANG_CXX_LANGUAGE_STANDARD = "gnu++0x";
				CLANG_CXX_LIBRARY = "libc++";
				CLANG_ENABLE_MODULES = YES;
				CLANG_ENABLE_OBJC_ARC = YES;
				CLANG_WARN_BOOL_CONVERSION = YES;
				CLANG_WARN_CONSTANT_CONVERSION = YES;
				CLANG_WARN_DIRECT_OBJC_ISA_USAGE = YES_ERROR;
				CLANG_WARN_DOCUMENTATION_COMMENTS = YES;
				CLANG_WARN_EMPTY_BODY = YES;
				CLANG_WARN_ENUM_CONVERSION = YES;
				CLANG_WARN_INFINITE_RECURSION = YES;
				CLANG_WARN_INT_CONVERSION = YES;
				CLANG_WARN_OBJC_ROOT_CLASS = YES_ERROR;
				CLANG_WARN_SUSPICIOUS_MOVE = YES;
				CLANG_WARN_UNREACHABLE_CODE = YES;
				CLANG_WARN__DUPLICATE_METHOD_MATCH = YES;
				CODE_SIGN_IDENTITY = "iPhone Developer";
				"CODE_SIGN_IDENTITY[sdk=iphoneos*]" = "iPhone Developer";
				COPY_PHASE_STRIP = NO;
				DEBUG_INFORMATION_FORMAT = "dwarf-with-dsym";
				ENABLE_NS_ASSERTIONS = NO;
				ENABLE_STRICT_OBJC_MSGSEND = YES;
				GCC_C_LANGUAGE_STANDARD = gnu99;
				GCC_NO_COMMON_BLOCKS = YES;
				GCC_WARN_64_TO_32_BIT_CONVERSION = YES;
				GCC_WARN_ABOUT_RETURN_TYPE = YES_ERROR;
				GCC_WARN_UNDECLARED_SELECTOR = YES;
				GCC_WARN_UNINITIALIZED_AUTOS = YES_AGGRESSIVE;
				GCC_WARN_UNUSED_FUNCTION = YES;
				GCC_WARN_UNUSED_VARIABLE = YES;
				IPHONEOS_DEPLOYMENT_TARGET = 10.3;
				MTL_ENABLE_DEBUG_INFO = NO;
				SDKROOT = iphoneos;
				VALIDATE_PRODUCT = YES;
			};
			name = Release;
		};
		EDB60ED61EA3604400C4D29C /* Debug */ = {
			isa = XCBuildConfiguration;
			baseConfigurationReference = 51298263D63487E88939FF5D /* Pods-ThatYear.debug.xcconfig */;
			buildSettings = {
				ASSETCATALOG_COMPILER_APPICON_NAME = AppIcon;
				ASSETCATALOG_COMPILER_LAUNCHIMAGE_NAME = LaunchImage;
				DEVELOPMENT_TEAM = S26P4W2TK7;
				INFOPLIST_FILE = ThatYear/Info.plist;
				IPHONEOS_DEPLOYMENT_TARGET = 8.0;
				LD_RUNPATH_SEARCH_PATHS = "$(inherited) @executable_path/Frameworks";
				PRODUCT_BUNDLE_IDENTIFIER = leeszi.ThatYear;
				PRODUCT_NAME = "$(TARGET_NAME)";
			};
			name = Debug;
		};
		EDB60ED71EA3604400C4D29C /* Release */ = {
			isa = XCBuildConfiguration;
			baseConfigurationReference = 8526653C0EA47B37F815E293 /* Pods-ThatYear.release.xcconfig */;
			buildSettings = {
				ASSETCATALOG_COMPILER_APPICON_NAME = AppIcon;
				ASSETCATALOG_COMPILER_LAUNCHIMAGE_NAME = LaunchImage;
				DEVELOPMENT_TEAM = S26P4W2TK7;
				INFOPLIST_FILE = ThatYear/Info.plist;
				IPHONEOS_DEPLOYMENT_TARGET = 8.0;
				LD_RUNPATH_SEARCH_PATHS = "$(inherited) @executable_path/Frameworks";
				PRODUCT_BUNDLE_IDENTIFIER = leeszi.ThatYear;
				PRODUCT_NAME = "$(TARGET_NAME)";
			};
			name = Release;
		};
/* End XCBuildConfiguration section */

/* Begin XCConfigurationList section */
		EDB60EB91EA3604400C4D29C /* Build configuration list for PBXProject "ThatYear" */ = {
			isa = XCConfigurationList;
			buildConfigurations = (
				EDB60ED31EA3604400C4D29C /* Debug */,
				EDB60ED41EA3604400C4D29C /* Release */,
			);
			defaultConfigurationIsVisible = 0;
			defaultConfigurationName = Release;
		};
		EDB60ED51EA3604400C4D29C /* Build configuration list for PBXNativeTarget "ThatYear" */ = {
			isa = XCConfigurationList;
			buildConfigurations = (
				EDB60ED61EA3604400C4D29C /* Debug */,
				EDB60ED71EA3604400C4D29C /* Release */,
			);
			defaultConfigurationIsVisible = 0;
			defaultConfigurationName = Release;
		};
/* End XCConfigurationList section */
	};
	rootObject = EDB60EB61EA3604400C4D29C /* Project object */;
}
